
Microsoft Visual Studio Solution File, Format Version 12.00
# Visual Studio Version 17
VisualStudioVersion = 17.7.34024.191
MinimumVisualStudioVersion = 10.0.40219.1
Project("{888888A0-9F3D-457C-B088-3A5042F75D52}") = "파이썬", "파이썬\파이썬.pyproj", "{C38AC0D1-5330-4CB3-A81A-718005E0976C}"
EndProject
Global
	GlobalSection(SolutionConfigurationPlatforms) = preSolution
		Debug|Any CPU = Debug|Any CPU
		Release|Any CPU = Release|Any CPU
	EndGlobalSection
	GlobalSection(ProjectConfigurationPlatforms) = postSolution
		{C38AC0D1-5330-4CB3-A81A-718005E0976C}.Debug|Any CPU.ActiveCfg = Debug|Any CPU
		{C38AC0D1-5330-4CB3-A81A-718005E0976C}.Release|Any CPU.ActiveCfg = Release|Any CPU
	EndGlobalSection
	GlobalSection(SolutionProperties) = preSolution
		HideSolutionNode = FALSE
	EndGlobalSection
	GlobalSection(ExtensibilityGlobals) = postSolution
		SolutionGuid = {C342932D-BD56-4984-9DA0-A7AB5CE6224E}
	EndGlobalSection
EndGlobal
